
Microsoft Visual Studio Solution File, Format Version 12.00
# Visual Studio Version 17
VisualStudioVersion = 17.0.31903.59
MinimumVisualStudioVersion = 10.0.40219.1
Project("{2150E333-8FDC-42A3-9474-1A3956D46DE8}") = "src", "src", "{0624857B-B28D-4452-B263-FD766060CEFF}"
EndProject
Project("{2150E333-8FDC-42A3-9474-1A3956D46DE8}") = "Core", "Core", "{A45D33DC-3FC1-4297-9937-0F137178CD38}"
EndProject
Project("{FAE04EC0-301F-11D3-BF4B-00C04F79EFBC}") = "OrkunPAM.SharedKernel", "src\Core\OrkunPAM.SharedKernel\OrkunPAM.SharedKernel.csproj", "{3C8B09AE-B466-421A-AB31-9FF57646FD4B}"
EndProject
Project("{FAE04EC0-301F-11D3-BF4B-00C04F79EFBC}") = "OrkunPAM.Domain", "src\Core\OrkunPAM.Domain\OrkunPAM.Domain.csproj", "{04B56816-CCCB-42F1-9693-EFF6DDF300D9}"
EndProject
Project("{FAE04EC0-301F-11D3-BF4B-00C04F79EFBC}") = "OrkunPAM.Application", "src\Core\OrkunPAM.Application\OrkunPAM.Application.csproj", "{794BFE25-ED89-403A-B6AD-8E6312AED183}"
EndProject
Project("{2150E333-8FDC-42A3-9474-1A3956D46DE8}") = "Infrastructure", "Infrastructure", "{1F986ABE-6907-4CF1-8F75-9DB45485D888}"
EndProject
Project("{FAE04EC0-301F-11D3-BF4B-00C04F79EFBC}") = "OrkunPAM.Persistence", "src\Infrastructure\OrkunPAM.Persistence\OrkunPAM.Persistence.csproj", "{F3F6C9B0-926A-404A-9F8A-D97A2777966B}"
EndProject
Project("{FAE04EC0-301F-11D3-BF4B-00C04F79EFBC}") = "OrkunPAM.Cryptography", "src\Infrastructure\OrkunPAM.Cryptography\OrkunPAM.Cryptography.csproj", "{15E87D00-6C70-4B2A-BF5E-FCE5309BEA5E}"
EndProject
Project("{FAE04EC0-301F-11D3-BF4B-00C04F79EFBC}") = "OrkunPAM.Identity", "src\Infrastructure\OrkunPAM.Identity\OrkunPAM.Identity.csproj", "{CE1D81FA-A202-4935-A3E7-B4124B4FF151}"
EndProject
Project("{2150E333-8FDC-42A3-9474-1A3956D46DE8}") = "Presentation", "Presentation", "{7950CDD6-FF4D-4C7F-8A27-44B52EB3EB9C}"
EndProject
Project("{FAE04EC0-301F-11D3-BF4B-00C04F79EFBC}") = "OrkunPAM.WebAPI", "src\Presentation\OrkunPAM.WebAPI\OrkunPAM.WebAPI.csproj", "{919E95F7-D8D0-4B40-90B8-D54336B26EDC}"
EndProject
Project("{FAE04EC0-301F-11D3-BF4B-00C04F79EFBC}") = "OrkunPAM.Web", "src\Presentation\OrkunPAM.Web\OrkunPAM.Web.csproj", "{099A427D-0736-4E07-8F58-D42D4987184F}"
EndProject
Project("{2150E333-8FDC-42A3-9474-1A3956D46DE8}") = "Proxy", "Proxy", "{B8D4A3C1-9F2E-4D6B-A7E8-5C1F3B9E2D4A}"
EndProject
Project("{FAE04EC0-301F-11D3-BF4B-00C04F79EFBC}") = "OrkunPAM.SshProxy", "src\Proxy\OrkunPAM.SshProxy\OrkunPAM.SshProxy.csproj", "{D5E6F7A8-B9C0-4D1E-8F2A-3B4C5D6E7F8A}"
EndProject
Project("{FAE04EC0-301F-11D3-BF4B-00C04F79EFBC}") = "OrkunPAM.RdpProxy", "src\Proxy\OrkunPAM.RdpProxy\OrkunPAM.RdpProxy.csproj", "{A1B2C3D4-E5F6-7890-ABCD-EF1234567890}"
EndProject
Project("{FAE04EC0-301F-11D3-BF4B-00C04F79EFBC}") = "OrkunPAM.SqlProxy", "src\Proxy\OrkunPAM.SqlProxy\OrkunPAM.SqlProxy.csproj", "{E2F3A4B5-C6D7-8901-BCDE-F01234567891}"
EndProject
Project("{FAE04EC0-301F-11D3-BF4B-00C04F79EFBC}") = "OrkunPAM.VncProxy", "src\Proxy\OrkunPAM.VncProxy\OrkunPAM.VncProxy.csproj", "{C3D4E5F6-A7B8-9012-CDEF-012345678902}"
EndProject
Project("{FAE04EC0-301F-11D3-BF4B-00C04F79EFBC}") = "OrkunPAM.HttpProxy", "src\Proxy\OrkunPAM.HttpProxy\OrkunPAM.HttpProxy.csproj", "{C2D3E4F5-A6B7-8901-CDEF-234567890ABC}"
EndProject
Project("{FAE04EC0-301F-11D3-BF4B-00C04F79EFBC}") = "OrkunPAM.TacacsProxy", "src\Proxy\OrkunPAM.TacacsProxy\OrkunPAM.TacacsProxy.csproj", "{E5F6A7B8-C9D0-1234-EF01-234567890124}"
EndProject
Project("{2150E333-8FDC-42A3-9474-1A3956D46DE8}") = "tests", "tests", "{BF6F33BD-973A-49BB-BC43-234A4174E2B4}"
EndProject
Project("{FAE04EC0-301F-11D3-BF4B-00C04F79EFBC}") = "OrkunPAM.UnitTests", "tests\OrkunPAM.UnitTests\OrkunPAM.UnitTests.csproj", "{6B2B8C03-3EA8-4E19-B5D1-0996A882DA36}"
EndProject
Global
	GlobalSection(SolutionConfigurationPlatforms) = preSolution
		Debug|Any CPU = Debug|Any CPU
		Release|Any CPU = Release|Any CPU
	EndGlobalSection
	GlobalSection(SolutionProperties) = preSolution
		HideSolutionNode = FALSE
	EndGlobalSection
	GlobalSection(ProjectConfigurationPlatforms) = postSolution
		{3C8B09AE-B466-421A-AB31-9FF57646FD4B}.Debug|Any CPU.ActiveCfg = Debug|Any CPU
		{3C8B09AE-B466-421A-AB31-9FF57646FD4B}.Debug|Any CPU.Build.0 = Debug|Any CPU
		{3C8B09AE-B466-421A-AB31-9FF57646FD4B}.Release|Any CPU.ActiveCfg = Release|Any CPU
		{3C8B09AE-B466-421A-AB31-9FF57646FD4B}.Release|Any CPU.Build.0 = Release|Any CPU
		{04B56816-CCCB-42F1-9693-EFF6DDF300D9}.Debug|Any CPU.ActiveCfg = Debug|Any CPU
		{04B56816-CCCB-42F1-9693-EFF6DDF300D9}.Debug|Any CPU.Build.0 = Debug|Any CPU
		{04B56816-CCCB-42F1-9693-EFF6DDF300D9}.Release|Any CPU.ActiveCfg = Release|Any CPU
		{04B56816-CCCB-42F1-9693-EFF6DDF300D9}.Release|Any CPU.Build.0 = Release|Any CPU
		{794BFE25-ED89-403A-B6AD-8E6312AED183}.Debug|Any CPU.ActiveCfg = Debug|Any CPU
		{794BFE25-ED89-403A-B6AD-8E6312AED183}.Debug|Any CPU.Build.0 = Debug|Any CPU
		{794BFE25-ED89-403A-B6AD-8E6312AED183}.Release|Any CPU.ActiveCfg = Release|Any CPU
		{794BFE25-ED89-403A-B6AD-8E6312AED183}.Release|Any CPU.Build.0 = Release|Any CPU
		{F3F6C9B0-926A-404A-9F8A-D97A2777966B}.Debug|Any CPU.ActiveCfg = Debug|Any CPU
		{F3F6C9B0-926A-404A-9F8A-D97A2777966B}.Debug|Any CPU.Build.0 = Debug|Any CPU
		{F3F6C9B0-926A-404A-9F8A-D97A2777966B}.Release|Any CPU.ActiveCfg = Release|Any CPU
		{F3F6C9B0-926A-404A-9F8A-D97A2777966B}.Release|Any CPU.Build.0 = Release|Any CPU
		{15E87D00-6C70-4B2A-BF5E-FCE5309BEA5E}.Debug|Any CPU.ActiveCfg = Debug|Any CPU
		{15E87D00-6C70-4B2A-BF5E-FCE5309BEA5E}.Debug|Any CPU.Build.0 = Debug|Any CPU
		{15E87D00-6C70-4B2A-BF5E-FCE5309BEA5E}.Release|Any CPU.ActiveCfg = Release|Any CPU
		{15E87D00-6C70-4B2A-BF5E-FCE5309BEA5E}.Release|Any CPU.Build.0 = Release|Any CPU
		{CE1D81FA-A202-4935-A3E7-B4124B4FF151}.Debug|Any CPU.ActiveCfg = Debug|Any CPU
		{CE1D81FA-A202-4935-A3E7-B4124B4FF151}.Debug|Any CPU.Build.0 = Debug|Any CPU
		{CE1D81FA-A202-4935-A3E7-B4124B4FF151}.Release|Any CPU.ActiveCfg = Release|Any CPU
		{CE1D81FA-A202-4935-A3E7-B4124B4FF151}.Release|Any CPU.Build.0 = Release|Any CPU
		{919E95F7-D8D0-4B40-90B8-D54336B26EDC}.Debug|Any CPU.ActiveCfg = Debug|Any CPU
		{919E95F7-D8D0-4B40-90B8-D54336B26EDC}.Debug|Any CPU.Build.0 = Debug|Any CPU
		{919E95F7-D8D0-4B40-90B8-D54336B26EDC}.Release|Any CPU.ActiveCfg = Release|Any CPU
		{919E95F7-D8D0-4B40-90B8-D54336B26EDC}.Release|Any CPU.Build.0 = Release|Any CPU
		{099A427D-0736-4E07-8F58-D42D4987184F}.Debug|Any CPU.ActiveCfg = Debug|Any CPU
		{099A427D-0736-4E07-8F58-D42D4987184F}.Debug|Any CPU.Build.0 = Debug|Any CPU
		{099A427D-0736-4E07-8F58-D42D4987184F}.Release|Any CPU.ActiveCfg = Release|Any CPU
		{099A427D-0736-4E07-8F58-D42D4987184F}.Release|Any CPU.Build.0 = Release|Any CPU
		{6B2B8C03-3EA8-4E19-B5D1-0996A882DA36}.Debug|Any CPU.ActiveCfg = Debug|Any CPU
		{6B2B8C03-3EA8-4E19-B5D1-0996A882DA36}.Debug|Any CPU.Build.0 = Debug|Any CPU
		{6B2B8C03-3EA8-4E19-B5D1-0996A882DA36}.Release|Any CPU.ActiveCfg = Release|Any CPU
		{6B2B8C03-3EA8-4E19-B5D1-0996A882DA36}.Release|Any CPU.Build.0 = Release|Any CPU
		{D5E6F7A8-B9C0-4D1E-8F2A-3B4C5D6E7F8A}.Debug|Any CPU.ActiveCfg = Debug|Any CPU
		{D5E6F7A8-B9C0-4D1E-8F2A-3B4C5D6E7F8A}.Debug|Any CPU.Build.0 = Debug|Any CPU
		{D5E6F7A8-B9C0-4D1E-8F2A-3B4C5D6E7F8A}.Release|Any CPU.ActiveCfg = Release|Any CPU
		{D5E6F7A8-B9C0-4D1E-8F2A-3B4C5D6E7F8A}.Release|Any CPU.Build.0 = Release|Any CPU
		{A1B2C3D4-E5F6-7890-ABCD-EF1234567890}.Debug|Any CPU.ActiveCfg = Debug|Any CPU
		{A1B2C3D4-E5F6-7890-ABCD-EF1234567890}.Debug|Any CPU.Build.0 = Debug|Any CPU
		{A1B2C3D4-E5F6-7890-ABCD-EF1234567890}.Release|Any CPU.ActiveCfg = Release|Any CPU
		{A1B2C3D4-E5F6-7890-ABCD-EF1234567890}.Release|Any CPU.Build.0 = Release|Any CPU
		{E2F3A4B5-C6D7-8901-BCDE-F01234567891}.Debug|Any CPU.ActiveCfg = Debug|Any CPU
		{E2F3A4B5-C6D7-8901-BCDE-F01234567891}.Debug|Any CPU.Build.0 = Debug|Any CPU
		{E2F3A4B5-C6D7-8901-BCDE-F01234567891}.Release|Any CPU.ActiveCfg = Release|Any CPU
		{E2F3A4B5-C6D7-8901-BCDE-F01234567891}.Release|Any CPU.Build.0 = Release|Any CPU
		{C3D4E5F6-A7B8-9012-CDEF-012345678902}.Debug|Any CPU.ActiveCfg = Debug|Any CPU
		{C3D4E5F6-A7B8-9012-CDEF-012345678902}.Debug|Any CPU.Build.0 = Debug|Any CPU
		{C3D4E5F6-A7B8-9012-CDEF-012345678902}.Release|Any CPU.ActiveCfg = Release|Any CPU
		{C3D4E5F6-A7B8-9012-CDEF-012345678902}.Release|Any CPU.Build.0 = Release|Any CPU
		{C2D3E4F5-A6B7-8901-CDEF-234567890ABC}.Debug|Any CPU.ActiveCfg = Debug|Any CPU
		{C2D3E4F5-A6B7-8901-CDEF-234567890ABC}.Debug|Any CPU.Build.0 = Debug|Any CPU
		{C2D3E4F5-A6B7-8901-CDEF-234567890ABC}.Release|Any CPU.ActiveCfg = Release|Any CPU
		{C2D3E4F5-A6B7-8901-CDEF-234567890ABC}.Release|Any CPU.Build.0 = Release|Any CPU
		{E5F6A7B8-C9D0-1234-EF01-234567890124}.Debug|Any CPU.ActiveCfg = Debug|Any CPU
		{E5F6A7B8-C9D0-1234-EF01-234567890124}.Debug|Any CPU.Build.0 = Debug|Any CPU
		{E5F6A7B8-C9D0-1234-EF01-234567890124}.Release|Any CPU.ActiveCfg = Release|Any CPU
		{E5F6A7B8-C9D0-1234-EF01-234567890124}.Release|Any CPU.Build.0 = Release|Any CPU
	EndGlobalSection
	GlobalSection(NestedProjects) = preSolution
		{A45D33DC-3FC1-4297-9937-0F137178CD38} = {0624857B-B28D-4452-B263-FD766060CEFF}
		{3C8B09AE-B466-421A-AB31-9FF57646FD4B} = {A45D33DC-3FC1-4297-9937-0F137178CD38}
		{04B56816-CCCB-42F1-9693-EFF6DDF300D9} = {A45D33DC-3FC1-4297-9937-0F137178CD38}
		{794BFE25-ED89-403A-B6AD-8E6312AED183} = {A45D33DC-3FC1-4297-9937-0F137178CD38}
		{1F986ABE-6907-4CF1-8F75-9DB45485D888} = {0624857B-B28D-4452-B263-FD766060CEFF}
		{F3F6C9B0-926A-404A-9F8A-D97A2777966B} = {1F986ABE-6907-4CF1-8F75-9DB45485D888}
		{15E87D00-6C70-4B2A-BF5E-FCE5309BEA5E} = {1F986ABE-6907-4CF1-8F75-9DB45485D888}
		{CE1D81FA-A202-4935-A3E7-B4124B4FF151} = {1F986ABE-6907-4CF1-8F75-9DB45485D888}
		{7950CDD6-FF4D-4C7F-8A27-44B52EB3EB9C} = {0624857B-B28D-4452-B263-FD766060CEFF}
		{919E95F7-D8D0-4B40-90B8-D54336B26EDC} = {7950CDD6-FF4D-4C7F-8A27-44B52EB3EB9C}
		{099A427D-0736-4E07-8F58-D42D4987184F} = {7950CDD6-FF4D-4C7F-8A27-44B52EB3EB9C}
		{B8D4A3C1-9F2E-4D6B-A7E8-5C1F3B9E2D4A} = {0624857B-B28D-4452-B263-FD766060CEFF}
		{D5E6F7A8-B9C0-4D1E-8F2A-3B4C5D6E7F8A} = {B8D4A3C1-9F2E-4D6B-A7E8-5C1F3B9E2D4A}
		{A1B2C3D4-E5F6-7890-ABCD-EF1234567890} = {B8D4A3C1-9F2E-4D6B-A7E8-5C1F3B9E2D4A}
		{E2F3A4B5-C6D7-8901-BCDE-F01234567891} = {B8D4A3C1-9F2E-4D6B-A7E8-5C1F3B9E2D4A}
		{C3D4E5F6-A7B8-9012-CDEF-012345678902} = {B8D4A3C1-9F2E-4D6B-A7E8-5C1F3B9E2D4A}
		{C2D3E4F5-A6B7-8901-CDEF-234567890ABC} = {B8D4A3C1-9F2E-4D6B-A7E8-5C1F3B9E2D4A}
		{E5F6A7B8-C9D0-1234-EF01-234567890124} = {B8D4A3C1-9F2E-4D6B-A7E8-5C1F3B9E2D4A}
		{BF6F33BD-973A-49BB-BC43-234A4174E2B4} = {0624857B-B28D-4452-B263-FD766060CEFF}
		{6B2B8C03-3EA8-4E19-B5D1-0996A882DA36} = {BF6F33BD-973A-49BB-BC43-234A4174E2B4}
	EndGlobalSection
EndGlobal
